
Microsoft Visual Studio Solution File, Format Version 12.00
# Visual Studio Version 16
VisualStudioVersion = 16.0.31112.23
MinimumVisualStudioVersion = 10.0.40219.1
Project("{FAE04EC0-301F-11D3-BF4B-00C04F79EFBC}") = "MoansoTarea2", "MoansoTarea2.csproj", "{143B88F6-5EE8-4527-B18A-25E9699EA965}"
EndProject
Global
	GlobalSection(SolutionConfigurationPlatforms) = preSolution
		Debug|Any CPU = Debug|Any CPU
		Release|Any CPU = Release|Any CPU
	EndGlobalSection
	GlobalSection(ProjectConfigurationPlatforms) = postSolution
		{143B88F6-5EE8-4527-B18A-25E9699EA965}.Debug|Any CPU.ActiveCfg = Debug|Any CPU
		{143B88F6-5EE8-4527-B18A-25E9699EA965}.Debug|Any CPU.Build.0 = Debug|Any CPU
		{143B88F6-5EE8-4527-B18A-25E9699EA965}.Release|Any CPU.ActiveCfg = Release|Any CPU
		{143B88F6-5EE8-4527-B18A-25E9699EA965}.Release|Any CPU.Build.0 = Release|Any CPU
	EndGlobalSection
	GlobalSection(SolutionProperties) = preSolution
		HideSolutionNode = FALSE
	EndGlobalSection
	GlobalSection(ExtensibilityGlobals) = postSolution
		SolutionGuid = {24120B5B-0437-4DDE-8320-6D69CB5B50E0}
	EndGlobalSection
EndGlobal
